{
  "name": "mine-server",
  "version": "1.0.0",
  "lockfileVersion": 3,
  "requires": true,
  "packages": {
    "": {
      "name": "mine-server",
      "version": "1.0.0",
      "license": "MIT",
      "dependencies": {
        "minecraft-server-util": "^5.4.4"
      }
    },
    "node_modules/minecraft-motd-util": {
      "version": "1.1.12",
      "resolved": "https://registry.npmjs.org/minecraft-motd-util/-/minecraft-motd-util-1.1.12.tgz",
      "integrity": "sha512-5TuTRjrRupSTruea0nRC37r0FdhkS1O4wIJKAYfwJRCQd/X4Zyl/dVIs96h9UVW6N8jhIuz9pNkrDsqyN7VBdA==",
      "deprecated": "no longer maintained",
      "license": "MIT"
    },
    "node_modules/minecraft-server-util": {
      "version": "5.4.4",
      "resolved": "https://registry.npmjs.org/minecraft-server-util/-/minecraft-server-util-5.4.4.tgz",
      "integrity": "sha512-uaE0N9PHPtJudi8BlCvKDD9K30w23ZpeS1I53wEJo9nX0HSmg5qFvwj8gMG0CYCUwWH/g5hjKaGAwXXN/vhMJw==",
      "deprecated": "no longer maintained, please use https://mcstatus.io",
      "license": "MIT",
      "dependencies": {
        "minecraft-motd-util": "^1.1.9"
      },
      "engines": {
        "node": ">=10.0.0"
      }
    }
  }
}
